
Microsoft Visual Studio Solution File, Format Version 12.00
# Visual Studio Version 16
VisualStudioVersion = 16.0.31727.386
MinimumVisualStudioVersion = 10.0.40219.1
Project("{9A19103F-16F7-4668-BE54-9A1E7A4F7556}") = "GrpcLoadTest", "GrpcLoadTest\GrpcLoadTest.csproj", "{E7082687-1CFE-4C09-BD45-E1219C0368BD}"
EndProject
Project("{FAE04EC0-301F-11D3-BF4B-00C04F79EFBC}") = "GrpcSampleTest", "GrpcSampleTest\GrpcSampleTest.csproj", "{B032AB95-678E-4CD9-8269-156140797651}"
EndProject
Global
	GlobalSection(SolutionConfigurationPlatforms) = preSolution
		Debug|Any CPU = Debug|Any CPU
		Release|Any CPU = Release|Any CPU
	EndGlobalSection
	GlobalSection(ProjectConfigurationPlatforms) = postSolution
		{E7082687-1CFE-4C09-BD45-E1219C0368BD}.Debug|Any CPU.ActiveCfg = Debug|Any CPU
		{E7082687-1CFE-4C09-BD45-E1219C0368BD}.Debug|Any CPU.Build.0 = Debug|Any CPU
		{E7082687-1CFE-4C09-BD45-E1219C0368BD}.Release|Any CPU.ActiveCfg = Release|Any CPU
		{E7082687-1CFE-4C09-BD45-E1219C0368BD}.Release|Any CPU.Build.0 = Release|Any CPU
		{B032AB95-678E-4CD9-8269-156140797651}.Debug|Any CPU.ActiveCfg = Debug|Any CPU
		{B032AB95-678E-4CD9-8269-156140797651}.Debug|Any CPU.Build.0 = Debug|Any CPU
		{B032AB95-678E-4CD9-8269-156140797651}.Release|Any CPU.ActiveCfg = Release|Any CPU
		{B032AB95-678E-4CD9-8269-156140797651}.Release|Any CPU.Build.0 = Release|Any CPU
	EndGlobalSection
	GlobalSection(SolutionProperties) = preSolution
		HideSolutionNode = FALSE
	EndGlobalSection
	GlobalSection(ExtensibilityGlobals) = postSolution
		SolutionGuid = {FF3D1D5A-5392-47CE-AAE3-58ADA86BE7F4}
	EndGlobalSection
EndGlobal
